
Microsoft Visual Studio Solution File, Format Version 12.00
# Visual Studio Version 17
VisualStudioVersion = 17.6.33723.286
MinimumVisualStudioVersion = 10.0.40219.1
Project("{9A19103F-16F7-4668-BE54-9A1E7A4F7556}") = "BulkyWeb", "BulkyWeb\BulkyWeb.csproj", "{881913BD-ED60-42B8-8695-53ACA746A31C}"
EndProject
Project("{FAE04EC0-301F-11D3-BF4B-00C04F79EFBC}") = "Bulky.DataAccess", "Bulky.DataAccess\Bulky.DataAccess.csproj", "{57B834BC-B3C8-4F58-BD87-BCEC1FDAC85E}"
EndProject
Project("{FAE04EC0-301F-11D3-BF4B-00C04F79EFBC}") = "Bulky.Models", "Bulky.Models\Bulky.Models.csproj", "{77A9EEC7-2F64-4770-AD05-B1D0008A4B59}"
EndProject
Project("{FAE04EC0-301F-11D3-BF4B-00C04F79EFBC}") = "Bulky.Utility", "Bulky.Utility\Bulky.Utility.csproj", "{C88517C1-9B0A-45AB-A4A1-4C19A0EC619B}"
EndProject
Global
	GlobalSection(SolutionConfigurationPlatforms) = preSolution
		Debug|Any CPU = Debug|Any CPU
		Release|Any CPU = Release|Any CPU
	EndGlobalSection
	GlobalSection(ProjectConfigurationPlatforms) = postSolution
		{881913BD-ED60-42B8-8695-53ACA746A31C}.Debug|Any CPU.ActiveCfg = Debug|Any CPU
		{881913BD-ED60-42B8-8695-53ACA746A31C}.Debug|Any CPU.Build.0 = Debug|Any CPU
		{881913BD-ED60-42B8-8695-53ACA746A31C}.Release|Any CPU.ActiveCfg = Release|Any CPU
		{881913BD-ED60-42B8-8695-53ACA746A31C}.Release|Any CPU.Build.0 = Release|Any CPU
		{57B834BC-B3C8-4F58-BD87-BCEC1FDAC85E}.Debug|Any CPU.ActiveCfg = Debug|Any CPU
		{57B834BC-B3C8-4F58-BD87-BCEC1FDAC85E}.Debug|Any CPU.Build.0 = Debug|Any CPU
		{57B834BC-B3C8-4F58-BD87-BCEC1FDAC85E}.Release|Any CPU.ActiveCfg = Release|Any CPU
		{57B834BC-B3C8-4F58-BD87-BCEC1FDAC85E}.Release|Any CPU.Build.0 = Release|Any CPU
		{77A9EEC7-2F64-4770-AD05-B1D0008A4B59}.Debug|Any CPU.ActiveCfg = Debug|Any CPU
		{77A9EEC7-2F64-4770-AD05-B1D0008A4B59}.Debug|Any CPU.Build.0 = Debug|Any CPU
		{77A9EEC7-2F64-4770-AD05-B1D0008A4B59}.Release|Any CPU.ActiveCfg = Release|Any CPU
		{77A9EEC7-2F64-4770-AD05-B1D0008A4B59}.Release|Any CPU.Build.0 = Release|Any CPU
		{C88517C1-9B0A-45AB-A4A1-4C19A0EC619B}.Debug|Any CPU.ActiveCfg = Debug|Any CPU
		{C88517C1-9B0A-45AB-A4A1-4C19A0EC619B}.Debug|Any CPU.Build.0 = Debug|Any CPU
		{C88517C1-9B0A-45AB-A4A1-4C19A0EC619B}.Release|Any CPU.ActiveCfg = Release|Any CPU
		{C88517C1-9B0A-45AB-A4A1-4C19A0EC619B}.Release|Any CPU.Build.0 = Release|Any CPU
	EndGlobalSection
	GlobalSection(SolutionProperties) = preSolution
		HideSolutionNode = FALSE
	EndGlobalSection
	GlobalSection(ExtensibilityGlobals) = postSolution
		SolutionGuid = {AFFEFB1F-FF1C-417D-8177-C756F7E48364}
	EndGlobalSection
EndGlobal
